<Solution>
  <Project Path="punto1/punto1.csproj" Id="01e02906-0bf9-4f8d-aeab-4ca15b920648" />
  <Project Path="punto2/punto2.csproj" Id="4a332ff1-a081-4adc-ab7e-474714947b65" />
  <Project Path="punto3/punto3.csproj" Id="1d8775cd-8ee1-489e-a369-c8e7dac93606" />
  <Project Path="punto4/punto4.csproj" Id="0d7c5b2b-2c6c-4f1f-b464-b01ff8e1894c" />
</Solution>
