<Solution>
  <Project Path="punto1/punto1.csproj" Id="75f979e4-cd77-433f-a20b-bb5cef6bd693" />
  <Project Path="punto2/punto2.csproj" Id="62c2fe74-fca3-4b9c-bfc7-26d0dc987aa9" />
  <Project Path="punto3/punto3.csproj" Id="81aba29f-5b69-4c1d-ba0b-fea5bf0dc7ca" />
  <Project Path="punto4/punto4.csproj" Id="9cc98ad2-5d7d-49da-bb76-d7eb69b9290b" />
</Solution>
